
Microsoft Visual Studio Solution File, Format Version 12.00
# Visual Studio 15
VisualStudioVersion = 15.0.26730.0
MinimumVisualStudioVersion = 10.0.40219.1
Project("{FAE04EC0-301F-11D3-BF4B-00C04F79EFBC}") = "Mostremais.Domain", "Mostremais.Domain\Mostremais.Domain.csproj", "{7B5F08AE-D8EA-41E9-8174-013340A99C00}"
EndProject
Project("{FAE04EC0-301F-11D3-BF4B-00C04F79EFBC}") = "Mostremais.Infra", "Mostremais.Infra\Mostremais.Infra.csproj", "{0B7E8F2A-D128-4F8A-9713-B91C0074021F}"
EndProject
Project("{FAE04EC0-301F-11D3-BF4B-00C04F79EFBC}") = "Mostremais.Site", "Mostremais.Site\Mostremais.Site.csproj", "{01A2832F-29E7-470F-A737-75A77856D9AE}"
EndProject
Project("{FAE04EC0-301F-11D3-BF4B-00C04F79EFBC}") = "Mostremais.Application", "Mostremais.Application\Mostremais.Application.csproj", "{CDD53C53-5DB5-45E7-BD01-C9C42C9962D9}"
EndProject
Global
	GlobalSection(SolutionConfigurationPlatforms) = preSolution
		Debug|Any CPU = Debug|Any CPU
		Release|Any CPU = Release|Any CPU
	EndGlobalSection
	GlobalSection(ProjectConfigurationPlatforms) = postSolution
		{7B5F08AE-D8EA-41E9-8174-013340A99C00}.Debug|Any CPU.ActiveCfg = Debug|Any CPU
		{7B5F08AE-D8EA-41E9-8174-013340A99C00}.Debug|Any CPU.Build.0 = Debug|Any CPU
		{7B5F08AE-D8EA-41E9-8174-013340A99C00}.Release|Any CPU.ActiveCfg = Release|Any CPU
		{7B5F08AE-D8EA-41E9-8174-013340A99C00}.Release|Any CPU.Build.0 = Release|Any CPU
		{0B7E8F2A-D128-4F8A-9713-B91C0074021F}.Debug|Any CPU.ActiveCfg = Debug|Any CPU
		{0B7E8F2A-D128-4F8A-9713-B91C0074021F}.Debug|Any CPU.Build.0 = Debug|Any CPU
		{0B7E8F2A-D128-4F8A-9713-B91C0074021F}.Release|Any CPU.ActiveCfg = Release|Any CPU
		{0B7E8F2A-D128-4F8A-9713-B91C0074021F}.Release|Any CPU.Build.0 = Release|Any CPU
		{01A2832F-29E7-470F-A737-75A77856D9AE}.Debug|Any CPU.ActiveCfg = Debug|Any CPU
		{01A2832F-29E7-470F-A737-75A77856D9AE}.Debug|Any CPU.Build.0 = Debug|Any CPU
		{01A2832F-29E7-470F-A737-75A77856D9AE}.Release|Any CPU.ActiveCfg = Release|Any CPU
		{01A2832F-29E7-470F-A737-75A77856D9AE}.Release|Any CPU.Build.0 = Release|Any CPU
		{CDD53C53-5DB5-45E7-BD01-C9C42C9962D9}.Debug|Any CPU.ActiveCfg = Debug|Any CPU
		{CDD53C53-5DB5-45E7-BD01-C9C42C9962D9}.Debug|Any CPU.Build.0 = Debug|Any CPU
		{CDD53C53-5DB5-45E7-BD01-C9C42C9962D9}.Release|Any CPU.ActiveCfg = Release|Any CPU
		{CDD53C53-5DB5-45E7-BD01-C9C42C9962D9}.Release|Any CPU.Build.0 = Release|Any CPU
	EndGlobalSection
	GlobalSection(SolutionProperties) = preSolution
		HideSolutionNode = FALSE
	EndGlobalSection
	GlobalSection(ExtensibilityGlobals) = postSolution
		SolutionGuid = {80E8B892-87EC-481D-B216-06F7B5732B04}
	EndGlobalSection
EndGlobal
